// !$*UTF8*$!
{
	archiveVersion = 1;
	classes = {
	};
	objectVersion = 56;
	objects = {

/* Begin PBXBuildFile section */
		3198A7172CE65EE3003F1AF5 /* AppDelegate.swift in Sources */ = {isa = PBXBuildFile; fileRef = 3198A7162CE65EE3003F1AF5 /* AppDelegate.swift */; };
		3198A7192CE65EE3003F1AF5 /* SceneDelegate.swift in Sources */ = {isa = PBXBuildFile; fileRef = 3198A7182CE65EE3003F1AF5 /* SceneDelegate.swift */; };
		3198A71B2CE65EE3003F1AF5 /* ViewController.swift in Sources */ = {isa = PBXBuildFile; fileRef = 3198A71A2CE65EE3003F1AF5 /* ViewController.swift */; };
		3198A7202CE65EE4003F1AF5 /* Assets.xcassets in Resources */ = {isa = PBXBuildFile; fileRef = 3198A71F2CE65EE4003F1AF5 /* Assets.xcassets */; };
		3198A7232CE65EE4003F1AF5 /* Base in Resources */ = {isa = PBXBuildFile; fileRef = 3198A7222CE65EE4003F1AF5 /* Base */; };
		3198A72C2CE667D9003F1AF5 /* FirstViewController.swift in Sources */ = {isa = PBXBuildFile; fileRef = 3198A72B2CE667D9003F1AF5 /* FirstViewController.swift */; };
		3198A72E2CE667E2003F1AF5 /* SecondViewController.swift in Sources */ = {isa = PBXBuildFile; fileRef = 3198A72D2CE667E2003F1AF5 /* SecondViewController.swift */; };
		3198A7302CE667ED003F1AF5 /* ThirdViewController.swift in Sources */ = {isa = PBXBuildFile; fileRef = 3198A72F2CE667ED003F1AF5 /* ThirdViewController.swift */; };
		3198A7332CE66C82003F1AF5 /* TableItem.swift in Sources */ = {isa = PBXBuildFile; fileRef = 3198A7322CE66C82003F1AF5 /* TableItem.swift */; };
		3198A7352CE6742C003F1AF5 /* DetailsViewController.swift in Sources */ = {isa = PBXBuildFile; fileRef = 3198A7342CE6742C003F1AF5 /* DetailsViewController.swift */; };
/* End PBXBuildFile section */

/* Begin PBXFileReference section */
		3198A7132CE65EE3003F1AF5 /* assignment_9.app */ = {isa = PBXFileReference; explicitFileType = wrapper.application; includeInIndex = 0; path = assignment_9.app; sourceTree = BUILT_PRODUCTS_DIR; };
		3198A7162CE65EE3003F1AF5 /* AppDelegate.swift */ = {isa = PBXFileReference; lastKnownFileType = sourcecode.swift; path = AppDelegate.swift; sourceTree = "<group>"; };
		3198A7182CE65EE3003F1AF5 /* SceneDelegate.swift */ = {isa = PBXFileReference; lastKnownFileType = sourcecode.swift; path = SceneDelegate.swift; sourceTree = "<group>"; };
		3198A71A2CE65EE3003F1AF5 /* ViewController.swift */ = {isa = PBXFileReference; lastKnownFileType = sourcecode.swift; path = ViewController.swift; sourceTree = "<group>"; };
		3198A71F2CE65EE4003F1AF5 /* Assets.xcassets */ = {isa = PBXFileReference; lastKnownFileType = folder.assetcatalog; path = Assets.xcassets; sourceTree = "<group>"; };
		3198A7222CE65EE4003F1AF5 /* Base */ = {isa = PBXFileReference; lastKnownFileType = file.storyboard; name = Base; path = Base.lproj/LaunchScreen.storyboard; sourceTree = "<group>"; };
		3198A7242CE65EE4003F1AF5 /* Info.plist */ = {isa = PBXFileReference; lastKnownFileType = text.plist.xml; path = Info.plist; sourceTree = "<group>"; };
		3198A72B2CE667D9003F1AF5 /* FirstViewController.swift */ = {isa = PBXFileReference; lastKnownFileType = sourcecode.swift; path = FirstViewController.swift; sourceTree = "<group>"; };
		3198A72D2CE667E2003F1AF5 /* SecondViewController.swift */ = {isa = PBXFileReference; lastKnownFileType = sourcecode.swift; path = SecondViewController.swift; sourceTree = "<group>"; };
		3198A72F2CE667ED003F1AF5 /* ThirdViewController.swift */ = {isa = PBXFileReference; lastKnownFileType = sourcecode.swift; path = ThirdViewController.swift; sourceTree = "<group>"; };
		3198A7322CE66C82003F1AF5 /* TableItem.swift */ = {isa = PBXFileReference; lastKnownFileType = sourcecode.swift; path = TableItem.swift; sourceTree = "<group>"; };
		3198A7342CE6742C003F1AF5 /* DetailsViewController.swift */ = {isa = PBXFileReference; lastKnownFileType = sourcecode.swift; path = DetailsViewController.swift; sourceTree = "<group>"; };
/* End PBXFileReference section */

/* Begin PBXFrameworksBuildPhase section */
		3198A7102CE65EE3003F1AF5 /* Frameworks */ = {
			isa = PBXFrameworksBuildPhase;
			buildActionMask = 2147483647;
			files = (
			);
			runOnlyForDeploymentPostprocessing = 0;
		};
/* End PBXFrameworksBuildPhase section */

/* Begin PBXGroup section */
		3198A70A2CE65EE3003F1AF5 = {
			isa = PBXGroup;
			children = (
				3198A7152CE65EE3003F1AF5 /* assignment_9 */,
				3198A7142CE65EE3003F1AF5 /* Products */,
			);
			sourceTree = "<group>";
		};
		3198A7142CE65EE3003F1AF5 /* Products */ = {
			isa = PBXGroup;
			children = (
				3198A7132CE65EE3003F1AF5 /* assignment_9.app */,
			);
			name = Products;
			sourceTree = "<group>";
		};
		3198A7152CE65EE3003F1AF5 /* assignment_9 */ = {
			isa = PBXGroup;
			children = (
				3198A7312CE66C70003F1AF5 /* Models */,
				3198A72A2CE667B4003F1AF5 /* ViewControllers */,
				3198A7162CE65EE3003F1AF5 /* AppDelegate.swift */,
				3198A7182CE65EE3003F1AF5 /* SceneDelegate.swift */,
				3198A71A2CE65EE3003F1AF5 /* ViewController.swift */,
				3198A71F2CE65EE4003F1AF5 /* Assets.xcassets */,
				3198A7212CE65EE4003F1AF5 /* LaunchScreen.storyboard */,
				3198A7242CE65EE4003F1AF5 /* Info.plist */,
			);
			path = assignment_9;
			sourceTree = "<group>";
		};
		3198A72A2CE667B4003F1AF5 /* ViewControllers */ = {
			isa = PBXGroup;
			children = (
				3198A72B2CE667D9003F1AF5 /* FirstViewController.swift */,
				3198A72D2CE667E2003F1AF5 /* SecondViewController.swift */,
				3198A72F2CE667ED003F1AF5 /* ThirdViewController.swift */,
				3198A7342CE6742C003F1AF5 /* DetailsViewController.swift */,
			);
			path = ViewControllers;
			sourceTree = "<group>";
		};
		3198A7312CE66C70003F1AF5 /* Models */ = {
			isa = PBXGroup;
			children = (
				3198A7322CE66C82003F1AF5 /* TableItem.swift */,
			);
			path = Models;
			sourceTree = "<group>";
		};
/* End PBXGroup section */

/* Begin PBXNativeTarget section */
		3198A7122CE65EE3003F1AF5 /* assignment_9 */ = {
			isa = PBXNativeTarget;
			buildConfigurationList = 3198A7272CE65EE4003F1AF5 /* Build configuration list for PBXNativeTarget "assignment_9" */;
			buildPhases = (
				3198A70F2CE65EE3003F1AF5 /* Sources */,
				3198A7102CE65EE3003F1AF5 /* Frameworks */,
				3198A7112CE65EE3003F1AF5 /* Resources */,
			);
			buildRules = (
			);
			dependencies = (
			);
			name = assignment_9;
			productName = assignment_9;
			productReference = 3198A7132CE65EE3003F1AF5 /* assignment_9.app */;
			productType = "com.apple.product-type.application";
		};
/* End PBXNativeTarget section */

/* Begin PBXProject section */
		3198A70B2CE65EE3003F1AF5 /* Project object */ = {
			isa = PBXProject;
			attributes = {
				BuildIndependentTargetsInParallel = 1;
				LastSwiftUpdateCheck = 1540;
				LastUpgradeCheck = 1540;
				TargetAttributes = {
					3198A7122CE65EE3003F1AF5 = {
						CreatedOnToolsVersion = 15.4;
					};
				};
			};
			buildConfigurationList = 3198A70E2CE65EE3003F1AF5 /* Build configuration list for PBXProject "assignment_9" */;
			compatibilityVersion = "Xcode 14.0";
			developmentRegion = en;
			hasScannedForEncodings = 0;
			knownRegions = (
				en,
				Base,
			);
			mainGroup = 3198A70A2CE65EE3003F1AF5;
			productRefGroup = 3198A7142CE65EE3003F1AF5 /* Products */;
			projectDirPath = "";
			projectRoot = "";
			targets = (
				3198A7122CE65EE3003F1AF5 /* assignment_9 */,
			);
		};
/* End PBXProject section */

/* Begin PBXResourcesBuildPhase section */
		3198A7112CE65EE3003F1AF5 /* Resources */ = {
			isa = PBXResourcesBuildPhase;
			buildActionMask = 2147483647;
			files = (
				3198A7202CE65EE4003F1AF5 /* Assets.xcassets in Resources */,
				3198A7232CE65EE4003F1AF5 /* Base in Resources */,
			);
			runOnlyForDeploymentPostprocessing = 0;
		};
/* End PBXResourcesBuildPhase section */

/* Begin PBXSourcesBuildPhase section */
		3198A70F2CE65EE3003F1AF5 /* Sources */ = {
			isa = PBXSourcesBuildPhase;
			buildActionMask = 2147483647;
			files = (
				3198A71B2CE65EE3003F1AF5 /* ViewController.swift in Sources */,
				3198A7172CE65EE3003F1AF5 /* AppDelegate.swift in Sources */,
				3198A7192CE65EE3003F1AF5 /* SceneDelegate.swift in Sources */,
				3198A7352CE6742C003F1AF5 /* DetailsViewController.swift in Sources */,
				3198A7332CE66C82003F1AF5 /* TableItem.swift in Sources */,
				3198A72E2CE667E2003F1AF5 /* SecondViewController.swift in Sources */,
				3198A7302CE667ED003F1AF5 /* ThirdViewController.swift in Sources */,
				3198A72C2CE667D9003F1AF5 /* FirstViewController.swift in Sources */,
			);
			runOnlyForDeploymentPostprocessing = 0;
		};
/* End PBXSourcesBuildPhase section */

/* Begin PBXVariantGroup section */
		3198A7212CE65EE4003F1AF5 /* LaunchScreen.storyboard */ = {
			isa = PBXVariantGroup;
			children = (
				3198A7222CE65EE4003F1AF5 /* Base */,
			);
			name = LaunchScreen.storyboard;
			sourceTree = "<group>";
		};
/* End PBXVariantGroup section */

/* Begin XCBuildConfiguration section */
		3198A7252CE65EE4003F1AF5 /* Debug */ = {
			isa = XCBuildConfiguration;
			buildSettings = {
				ALWAYS_SEARCH_USER_PATHS = NO;
				ASSETCATALOG_COMPILER_GENERATE_SWIFT_ASSET_SYMBOL_EXTENSIONS = YES;
				CLANG_ANALYZER_NONNULL = YES;
				CLANG_ANALYZER_NUMBER_OBJECT_CONVERSION = YES_AGGRESSIVE;
				CLANG_CXX_LANGUAGE_STANDARD = "gnu++20";
				CLANG_ENABLE_MODULES = YES;
				CLANG_ENABLE_OBJC_ARC = YES;
				CLANG_ENABLE_OBJC_WEAK = YES;
				CLANG_WARN_BLOCK_CAPTURE_AUTORELEASING = YES;
				CLANG_WARN_BOOL_CONVERSION = YES;
				CLANG_WARN_COMMA = YES;
				CLANG_WARN_CONSTANT_CONVERSION = YES;
				CLANG_WARN_DEPRECATED_OBJC_IMPLEMENTATIONS = YES;
				CLANG_WARN_DIRECT_OBJC_ISA_USAGE = YES_ERROR;
				CLANG_WARN_DOCUMENTATION_COMMENTS = YES;
				CLANG_WARN_EMPTY_BODY = YES;
				CLANG_WARN_ENUM_CONVERSION = YES;
				CLANG_WARN_INFINITE_RECURSION = YES;
				CLANG_WARN_INT_CONVERSION = YES;
				CLANG_WARN_NON_LITERAL_NULL_CONVERSION = YES;
				CLANG_WARN_OBJC_IMPLICIT_RETAIN_SELF = YES;
				CLANG_WARN_OBJC_LITERAL_CONVERSION = YES;
				CLANG_WARN_OBJC_ROOT_CLASS = YES_ERROR;
				CLANG_WARN_QUOTED_INCLUDE_IN_FRAMEWORK_HEADER = YES;
				CLANG_WARN_RANGE_LOOP_ANALYSIS = YES;
				CLANG_WARN_STRICT_PROTOTYPES = YES;
				CLANG_WARN_SUSPICIOUS_MOVE = YES;
				CLANG_WARN_UNGUARDED_AVAILABILITY = YES_AGGRESSIVE;
				CLANG_WARN_UNREACHABLE_CODE = YES;
				CLANG_WARN__DUPLICATE_METHOD_MATCH = YES;
				COPY_PHASE_STRIP = NO;
				DEBUG_INFORMATION_FORMAT = dwarf;
				ENABLE_STRICT_OBJC_MSGSEND = YES;
				ENABLE_TESTABILITY = YES;
				ENABLE_USER_SCRIPT_SANDBOXING = YES;
				GCC_C_LANGUAGE_STANDARD = gnu17;
				GCC_DYNAMIC_NO_PIC = NO;
				GCC_NO_COMMON_BLOCKS = YES;
				GCC_OPTIMIZATION_LEVEL = 0;
				GCC_PREPROCESSOR_DEFINITIONS = (
					"DEBUG=1",
					"$(inherited)",
				);
				GCC_WARN_64_TO_32_BIT_CONVERSION = YES;
				GCC_WARN_ABOUT_RETURN_TYPE = YES_ERROR;
				GCC_WARN_UNDECLARED_SELECTOR = YES;
				GCC_WARN_UNINITIALIZED_AUTOS = YES_AGGRESSIVE;
				GCC_WARN_UNUSED_FUNCTION = YES;
				GCC_WARN_UNUSED_VARIABLE = YES;
				IPHONEOS_DEPLOYMENT_TARGET = 17.5;
				LOCALIZATION_PREFERS_STRING_CATALOGS = YES;
				MTL_ENABLE_DEBUG_INFO = INCLUDE_SOURCE;
				MTL_FAST_MATH = YES;
				ONLY_ACTIVE_ARCH = YES;
				SDKROOT = iphoneos;
				SWIFT_ACTIVE_COMPILATION_CONDITIONS = "DEBUG $(inherited)";
				SWIFT_OPTIMIZATION_LEVEL = "-Onone";
			};
			name = Debug;
		};
		3198A7262CE65EE4003F1AF5 /* Release */ = {
			isa = XCBuildConfiguration;
			buildSettings = {
				ALWAYS_SEARCH_USER_PATHS = NO;
				ASSETCATALOG_COMPILER_GENERATE_SWIFT_ASSET_SYMBOL_EXTENSIONS = YES;
				CLANG_ANALYZER_NONNULL = YES;
				CLANG_ANALYZER_NUMBER_OBJECT_CONVERSION = YES_AGGRESSIVE;
				CLANG_CXX_LANGUAGE_STANDARD = "gnu++20";
				CLANG_ENABLE_MODULES = YES;
				CLANG_ENABLE_OBJC_ARC = YES;
				CLANG_ENABLE_OBJC_WEAK = YES;
				CLANG_WARN_BLOCK_CAPTURE_AUTORELEASING = YES;
				CLANG_WARN_BOOL_CONVERSION = YES;
				CLANG_WARN_COMMA = YES;
				CLANG_WARN_CONSTANT_CONVERSION = YES;
				CLANG_WARN_DEPRECATED_OBJC_IMPLEMENTATIONS = YES;
				CLANG_WARN_DIRECT_OBJC_ISA_USAGE = YES_ERROR;
				CLANG_WARN_DOCUMENTATION_COMMENTS = YES;
				CLANG_WARN_EMPTY_BODY = YES;
				CLANG_WARN_ENUM_CONVERSION = YES;
				CLANG_WARN_INFINITE_RECURSION = YES;
				CLANG_WARN_INT_CONVERSION = YES;
				CLANG_WARN_NON_LITERAL_NULL_CONVERSION = YES;
				CLANG_WARN_OBJC_IMPLICIT_RETAIN_SELF = YES;
				CLANG_WARN_OBJC_LITERAL_CONVERSION = YES;
				CLANG_WARN_OBJC_ROOT_CLASS = YES_ERROR;
				CLANG_WARN_QUOTED_INCLUDE_IN_FRAMEWORK_HEADER = YES;
				CLANG_WARN_RANGE_LOOP_ANALYSIS = YES;
				CLANG_WARN_STRICT_PROTOTYPES = YES;
				CLANG_WARN_SUSPICIOUS_MOVE = YES;
				CLANG_WARN_UNGUARDED_AVAILABILITY = YES_AGGRESSIVE;
				CLANG_WARN_UNREACHABLE_CODE = YES;
				CLANG_WARN__DUPLICATE_METHOD_MATCH = YES;
				COPY_PHASE_STRIP = NO;
				DEBUG_INFORMATION_FORMAT = "dwarf-with-dsym";
				ENABLE_NS_ASSERTIONS = NO;
				ENABLE_STRICT_OBJC_MSGSEND = YES;
				ENABLE_USER_SCRIPT_SANDBOXING = YES;
				GCC_C_LANGUAGE_STANDARD = gnu17;
				GCC_NO_COMMON_BLOCKS = YES;
				GCC_WARN_64_TO_32_BIT_CONVERSION = YES;
				GCC_WARN_ABOUT_RETURN_TYPE = YES_ERROR;
				GCC_WARN_UNDECLARED_SELECTOR = YES;
				GCC_WARN_UNINITIALIZED_AUTOS = YES_AGGRESSIVE;
				GCC_WARN_UNUSED_FUNCTION = YES;
				GCC_WARN_UNUSED_VARIABLE = YES;
				IPHONEOS_DEPLOYMENT_TARGET = 17.5;
				LOCALIZATION_PREFERS_STRING_CATALOGS = YES;
				MTL_ENABLE_DEBUG_INFO = NO;
				MTL_FAST_MATH = YES;
				SDKROOT = iphoneos;
				SWIFT_COMPILATION_MODE = wholemodule;
				VALIDATE_PRODUCT = YES;
			};
			name = Release;
		};
		3198A7282CE65EE4003F1AF5 /* Debug */ = {
			isa = XCBuildConfiguration;
			buildSettings = {
				ASSETCATALOG_COMPILER_APPICON_NAME = AppIcon;
				ASSETCATALOG_COMPILER_GLOBAL_ACCENT_COLOR_NAME = AccentColor;
				CODE_SIGN_STYLE = Automatic;
				CURRENT_PROJECT_VERSION = 1;
				DEVELOPMENT_TEAM = KDK5MPQK4U;
				GENERATE_INFOPLIST_FILE = YES;
				INFOPLIST_FILE = assignment_9/Info.plist;
				INFOPLIST_KEY_UIApplicationSupportsIndirectInputEvents = YES;
				INFOPLIST_KEY_UILaunchStoryboardName = LaunchScreen;
				INFOPLIST_KEY_UISupportedInterfaceOrientations_iPad = "UIInterfaceOrientationPortrait UIInterfaceOrientationPortraitUpsideDown UIInterfaceOrientationLandscapeLeft UIInterfaceOrientationLandscapeRight";
				INFOPLIST_KEY_UISupportedInterfaceOrientations_iPhone = "UIInterfaceOrientationPortrait UIInterfaceOrientationLandscapeLeft UIInterfaceOrientationLandscapeRight";
				LD_RUNPATH_SEARCH_PATHS = (
					"$(inherited)",
					"@executable_path/Frameworks",
				);
				MARKETING_VERSION = 1.0;
				PRODUCT_BUNDLE_IDENTIFIER = "com.example.assignment-9";
				PRODUCT_NAME = "$(TARGET_NAME)";
				SWIFT_EMIT_LOC_STRINGS = YES;
				SWIFT_VERSION = 5.0;
				TARGETED_DEVICE_FAMILY = "1,2";
			};
			name = Debug;
		};
		3198A7292CE65EE4003F1AF5 /* Release */ = {
			isa = XCBuildConfiguration;
			buildSettings = {
				ASSETCATALOG_COMPILER_APPICON_NAME = AppIcon;
				ASSETCATALOG_COMPILER_GLOBAL_ACCENT_COLOR_NAME = AccentColor;
				CODE_SIGN_STYLE = Automatic;
				CURRENT_PROJECT_VERSION = 1;
				DEVELOPMENT_TEAM = KDK5MPQK4U;
				GENERATE_INFOPLIST_FILE = YES;
				INFOPLIST_FILE = assignment_9/Info.plist;
				INFOPLIST_KEY_UIApplicationSupportsIndirectInputEvents = YES;
				INFOPLIST_KEY_UILaunchStoryboardName = LaunchScreen;
				INFOPLIST_KEY_UISupportedInterfaceOrientations_iPad = "UIInterfaceOrientationPortrait UIInterfaceOrientationPortraitUpsideDown UIInterfaceOrientationLandscapeLeft UIInterfaceOrientationLandscapeRight";
				INFOPLIST_KEY_UISupportedInterfaceOrientations_iPhone = "UIInterfaceOrientationPortrait UIInterfaceOrientationLandscapeLeft UIInterfaceOrientationLandscapeRight";
				LD_RUNPATH_SEARCH_PATHS = (
					"$(inherited)",
					"@executable_path/Frameworks",
				);
				MARKETING_VERSION = 1.0;
				PRODUCT_BUNDLE_IDENTIFIER = "com.example.assignment-9";
				PRODUCT_NAME = "$(TARGET_NAME)";
				SWIFT_EMIT_LOC_STRINGS = YES;
				SWIFT_VERSION = 5.0;
				TARGETED_DEVICE_FAMILY = "1,2";
			};
			name = Release;
		};
/* End XCBuildConfiguration section */

/* Begin XCConfigurationList section */
		3198A70E2CE65EE3003F1AF5 /* Build configuration list for PBXProject "assignment_9" */ = {
			isa = XCConfigurationList;
			buildConfigurations = (
				3198A7252CE65EE4003F1AF5 /* Debug */,
				3198A7262CE65EE4003F1AF5 /* Release */,
			);
			defaultConfigurationIsVisible = 0;
			defaultConfigurationName = Release;
		};
		3198A7272CE65EE4003F1AF5 /* Build configuration list for PBXNativeTarget "assignment_9" */ = {
			isa = XCConfigurationList;
			buildConfigurations = (
				3198A7282CE65EE4003F1AF5 /* Debug */,
				3198A7292CE65EE4003F1AF5 /* Release */,
			);
			defaultConfigurationIsVisible = 0;
			defaultConfigurationName = Release;
		};
/* End XCConfigurationList section */
	};
	rootObject = 3198A70B2CE65EE3003F1AF5 /* Project object */;
}
